
Microsoft Visual Studio Solution File, Format Version 12.00
# Visual Studio 15
Project("{FAE04EC0-301F-11D3-BF4B-00C04F79EFBC}") = "Assembly-CSharp", "Assembly-CSharp.csproj", "{AEAF8454-5789-8C9F-58A0-D2945F52D7E0}"
EndProject
Project("{FAE04EC0-301F-11D3-BF4B-00C04F79EFBC}") = "Assembly-CSharp-firstpass", "Assembly-CSharp-firstpass.csproj", "{FA31C9CB-26BD-4826-8E6D-46FDE98199E1}"
EndProject
Project("{FAE04EC0-301F-11D3-BF4B-00C04F79EFBC}") = "Assembly-CSharp-Editor", "Assembly-CSharp-Editor.csproj", "{0E13B54F-FE00-FCAE-A4F8-2CF3CEE6C656}"
EndProject
Project("{FAE04EC0-301F-11D3-BF4B-00C04F79EFBC}") = "Assembly-CSharp-Editor-firstpass", "Assembly-CSharp-Editor-firstpass.csproj", "{F3184C2E-B044-7A57-A850-47AF30FBC747}"
EndProject
Global
	GlobalSection(SolutionConfigurationPlatforms) = preSolution
		Debug|Any CPU = Debug|Any CPU
		Release|Any CPU = Release|Any CPU
	EndGlobalSection
	GlobalSection(ProjectConfigurationPlatforms) = postSolution
		{AEAF8454-5789-8C9F-58A0-D2945F52D7E0}.Debug|Any CPU.ActiveCfg = Debug|Any CPU
		{AEAF8454-5789-8C9F-58A0-D2945F52D7E0}.Debug|Any CPU.Build.0 = Debug|Any CPU
		{AEAF8454-5789-8C9F-58A0-D2945F52D7E0}.Release|Any CPU.ActiveCfg = Release|Any CPU
		{AEAF8454-5789-8C9F-58A0-D2945F52D7E0}.Release|Any CPU.Build.0 = Release|Any CPU
		{FA31C9CB-26BD-4826-8E6D-46FDE98199E1}.Debug|Any CPU.ActiveCfg = Debug|Any CPU
		{FA31C9CB-26BD-4826-8E6D-46FDE98199E1}.Debug|Any CPU.Build.0 = Debug|Any CPU
		{FA31C9CB-26BD-4826-8E6D-46FDE98199E1}.Release|Any CPU.ActiveCfg = Release|Any CPU
		{FA31C9CB-26BD-4826-8E6D-46FDE98199E1}.Release|Any CPU.Build.0 = Release|Any CPU
		{0E13B54F-FE00-FCAE-A4F8-2CF3CEE6C656}.Debug|Any CPU.ActiveCfg = Debug|Any CPU
		{0E13B54F-FE00-FCAE-A4F8-2CF3CEE6C656}.Debug|Any CPU.Build.0 = Debug|Any CPU
		{0E13B54F-FE00-FCAE-A4F8-2CF3CEE6C656}.Release|Any CPU.ActiveCfg = Release|Any CPU
		{0E13B54F-FE00-FCAE-A4F8-2CF3CEE6C656}.Release|Any CPU.Build.0 = Release|Any CPU
		{F3184C2E-B044-7A57-A850-47AF30FBC747}.Debug|Any CPU.ActiveCfg = Debug|Any CPU
		{F3184C2E-B044-7A57-A850-47AF30FBC747}.Debug|Any CPU.Build.0 = Debug|Any CPU
		{F3184C2E-B044-7A57-A850-47AF30FBC747}.Release|Any CPU.ActiveCfg = Release|Any CPU
		{F3184C2E-B044-7A57-A850-47AF30FBC747}.Release|Any CPU.Build.0 = Release|Any CPU
	EndGlobalSection
	GlobalSection(SolutionProperties) = preSolution
		HideSolutionNode = FALSE
	EndGlobalSection
EndGlobal
