
Microsoft Visual Studio Solution File, Format Version 12.00
# Visual Studio 15
Project("{FAE04EC0-301F-11D3-BF4B-00C04F79EFBC}") = "Assembly-CSharp", "Assembly-CSharp.csproj", "{4FF5CAE6-DC29-AA5D-83B1-CED2D3FADABD}"
EndProject
Project("{FAE04EC0-301F-11D3-BF4B-00C04F79EFBC}") = "Assembly-CSharp-Editor", "Assembly-CSharp-Editor.csproj", "{F182B46F-0BA2-F979-F7EE-2F113AE11E5E}"
EndProject
Global
	GlobalSection(SolutionConfigurationPlatforms) = preSolution
		Debug|Any CPU = Debug|Any CPU
		Release|Any CPU = Release|Any CPU
	EndGlobalSection
	GlobalSection(ProjectConfigurationPlatforms) = postSolution
		{4FF5CAE6-DC29-AA5D-83B1-CED2D3FADABD}.Debug|Any CPU.ActiveCfg = Debug|Any CPU
		{4FF5CAE6-DC29-AA5D-83B1-CED2D3FADABD}.Debug|Any CPU.Build.0 = Debug|Any CPU
		{4FF5CAE6-DC29-AA5D-83B1-CED2D3FADABD}.Release|Any CPU.ActiveCfg = Release|Any CPU
		{4FF5CAE6-DC29-AA5D-83B1-CED2D3FADABD}.Release|Any CPU.Build.0 = Release|Any CPU
		{F182B46F-0BA2-F979-F7EE-2F113AE11E5E}.Debug|Any CPU.ActiveCfg = Debug|Any CPU
		{F182B46F-0BA2-F979-F7EE-2F113AE11E5E}.Debug|Any CPU.Build.0 = Debug|Any CPU
		{F182B46F-0BA2-F979-F7EE-2F113AE11E5E}.Release|Any CPU.ActiveCfg = Release|Any CPU
		{F182B46F-0BA2-F979-F7EE-2F113AE11E5E}.Release|Any CPU.Build.0 = Release|Any CPU
	EndGlobalSection
	GlobalSection(SolutionProperties) = preSolution
		HideSolutionNode = FALSE
	EndGlobalSection
EndGlobal
